
Microsoft Visual Studio Solution File, Format Version 12.00
# Visual Studio 15
VisualStudioVersion = 15.0.28307.329
MinimumVisualStudioVersion = 10.0.40219.1
Project("{FAE04EC0-301F-11D3-BF4B-00C04F79EFBC}") = "SeedTest", "SeedTest\SeedTest.csproj", "{C90BFDCF-37CD-4F72-861D-5411BC472837}"
EndProject
Global
	GlobalSection(SolutionConfigurationPlatforms) = preSolution
		Debug|Any CPU = Debug|Any CPU
		Release|Any CPU = Release|Any CPU
	EndGlobalSection
	GlobalSection(ProjectConfigurationPlatforms) = postSolution
		{C90BFDCF-37CD-4F72-861D-5411BC472837}.Debug|Any CPU.ActiveCfg = Debug|Any CPU
		{C90BFDCF-37CD-4F72-861D-5411BC472837}.Debug|Any CPU.Build.0 = Debug|Any CPU
		{C90BFDCF-37CD-4F72-861D-5411BC472837}.Release|Any CPU.ActiveCfg = Release|Any CPU
		{C90BFDCF-37CD-4F72-861D-5411BC472837}.Release|Any CPU.Build.0 = Release|Any CPU
	EndGlobalSection
	GlobalSection(SolutionProperties) = preSolution
		HideSolutionNode = FALSE
	EndGlobalSection
	GlobalSection(ExtensibilityGlobals) = postSolution
		SolutionGuid = {392973A2-098C-4F2F-8B2E-A7610A7E91DC}
	EndGlobalSection
EndGlobal
